# THIS IS AN AUTOGENERATED FILE. DO NOT EDIT THIS FILE DIRECTLY.
# yarn lockfile v1


"@cspotcode/source-map-support@^0.8.0":
  version "0.8.1"
  resolved "https://registry.yarnpkg.com/@cspotcode/source-map-support/-/source-map-support-0.8.1.tgz#00629c35a688e05a88b1cda684fb9d5e73f000a1"
  integrity sha512-IchNf6dN4tHoMFIn/7OE8LWZ19Y6q/67Bmf6vnGREv8RSbBVb9LPJxEcnwrcwX6ixSvaiGoomAUvu4YSxXrVgw==
  dependencies:
    "@jridgewell/trace-mapping" "0.3.9"

"@jridgewell/resolve-uri@^3.0.3":
  version "3.1.2"
  resolved "https://registry.yarnpkg.com/@jridgewell/resolve-uri/-/resolve-uri-3.1.2.tgz#7a0ee601f60f99a20c7c7c5ff0c80388c1189bd6"
  integrity sha512-bRISgCIjP20/tbWSPWMEi54QVPRZExkuD9lJL+UIxUKtwVJA8wW1Trb1jMs1RFXo1CBTNZ/5hpC9QvmKWdopKw==

"@jridgewell/sourcemap-codec@^1.4.10":
  version "1.4.15"
  resolved "https://registry.yarnpkg.com/@jridgewell/sourcemap-codec/-/sourcemap-codec-1.4.15.tgz#d7c6e6755c78567a951e04ab52ef0fd26de59f32"
  integrity sha512-eF2rxCRulEKXHTRiDrDy6erMYWqNw4LPdQ8UQA4huuxaQsVeRPFl2oM8oDGxMFhJUWZf9McpLtJasDDZb/Bpeg==

"@jridgewell/trace-mapping@0.3.9":
  version "0.3.9"
  resolved "https://registry.yarnpkg.com/@jridgewell/trace-mapping/-/trace-mapping-0.3.9.tgz#6534fd5933a53ba7cbf3a17615e273a0d1273ff9"
  integrity sha512-3Belt6tdc8bPgAtbcmdtNJlirVoTmEb5e2gC94PnkwEW9jI6CAHUeoG85tjWP5WquqfavoMtMwiG4P926ZKKuQ==
  dependencies:
    "@jridgewell/resolve-uri" "^3.0.3"
    "@jridgewell/sourcemap-codec" "^1.4.10"

"@swc/core-darwin-arm64@1.5.5":
  version "1.5.5"
  resolved "https://registry.yarnpkg.com/@swc/core-darwin-arm64/-/core-darwin-arm64-1.5.5.tgz#65b40093f622ec811713d2e2ebcdf8a39ae2e91d"
  integrity sha512-Ol5ZwZYdTOZsv2NwjcT/qVVALKzVFeh+IJ4GNarr3P99+38Dkwi81OqCI1o/WaDXQYKAQC/V+CzMbkEuJJfq9Q==

"@swc/core-darwin-x64@1.5.5":
  version "1.5.5"
  resolved "https://registry.yarnpkg.com/@swc/core-darwin-x64/-/core-darwin-x64-1.5.5.tgz#4e16d5fb55d8f3fa7d95df85e9cfbb5d57a7ac9e"
  integrity sha512-XHWpKBIPKYLgh5/lV2PYjO84lkzf5JR51kjiloyz2Pa9HIV8tHoAP8bYdJwm4nUp2I7KcEh3pPH0AVu5LpxMKw==

"@swc/core-linux-arm-gnueabihf@1.5.5":
  version "1.5.5"
  resolved "https://registry.yarnpkg.com/@swc/core-linux-arm-gnueabihf/-/core-linux-arm-gnueabihf-1.5.5.tgz#ab3fbac59b7c527fa5da115a96f3c87e07737686"
  integrity sha512-vtoWNCWAe+CNSqtqIwFnIH48qgPPlUZKoQ4EVFeMM+7/kDi6SeNxoh5TierJs5bKAWxD49VkPvRoWFCk6V62mA==

"@swc/core-linux-arm64-gnu@1.5.5":
  version "1.5.5"
  resolved "https://registry.yarnpkg.com/@swc/core-linux-arm64-gnu/-/core-linux-arm64-gnu-1.5.5.tgz#fcfb1d97f8e8ac6bd495aaaa0d15f8dfdb33b76b"
  integrity sha512-L4l7M78U6h/rCAxId+y5Vu+1KfDRF6dJZtitFcaT293guiUQFwJv8gLxI4Jh5wFtZ0fYd0QaCuvh2Ip79CzGMg==

"@swc/core-linux-arm64-musl@1.5.5":
  version "1.5.5"
  resolved "https://registry.yarnpkg.com/@swc/core-linux-arm64-musl/-/core-linux-arm64-musl-1.5.5.tgz#e8678d350500b3784bb125bef4eb97db1e388442"
  integrity sha512-DkzJc13ukXa7oJpyn24BjIgsiOybYrc+IxjsQyfNlDrrs1QXP4elStcpkD02SsIuSyHjZV8Hw2HFBMQB3OHPrA==

"@swc/core-linux-x64-gnu@1.5.5":
  version "1.5.5"
  resolved "https://registry.yarnpkg.com/@swc/core-linux-x64-gnu/-/core-linux-x64-gnu-1.5.5.tgz#e68406379d55447217a4ac1a79ffc7ce1e251b29"
  integrity sha512-kj4ZwWJGeBEUzHrRQP2VudN+kkkYH7OI1dPVDc6kWQx5X4329JeKOas4qY0l7gDVjBbRwN9IbbPI6TIn2KfAug==

"@swc/core-linux-x64-musl@1.5.5":
  version "1.5.5"
  resolved "https://registry.yarnpkg.com/@swc/core-linux-x64-musl/-/core-linux-x64-musl-1.5.5.tgz#40e439aeb265c3cc63526c51f4e89f6492092159"
  integrity sha512-6pTorCs4mYhPhYtC4jNOnhGgjNd3DZcRoZ9P0tzXXP69aCbYjvlgNH/NRvAROp9AaVFeZ7a7PmCWb6+Rbe7NKg==

"@swc/core-win32-arm64-msvc@1.5.5":
  version "1.5.5"
  resolved "https://registry.yarnpkg.com/@swc/core-win32-arm64-msvc/-/core-win32-arm64-msvc-1.5.5.tgz#efdd773a9e7ecc49bb246362a45dfc389f1fbfe0"
  integrity sha512-o0/9pstmEjwZyrY/bA+mymF0zH7E+GT/XCVqdKeWW9Wn3gTTyWa5MZnrFgI2THQ+AXwdglMB/Zo76ARQPaz/+A==

"@swc/core-win32-ia32-msvc@1.5.5":
  version "1.5.5"
  resolved "https://registry.yarnpkg.com/@swc/core-win32-ia32-msvc/-/core-win32-ia32-msvc-1.5.5.tgz#02082adef99bfa0101c6c94b04be636e39ed567f"
  integrity sha512-B+nypUwsmCuaH6RtKWgiPCb+ENjxstJPPJeMJvBqlJqyCaIkZzN4M07Ozi3xVv1VG21SRkd6G3xIqRoalrNc0Q==

"@swc/core-win32-x64-msvc@1.5.5":
  version "1.5.5"
  resolved "https://registry.yarnpkg.com/@swc/core-win32-x64-msvc/-/core-win32-x64-msvc-1.5.5.tgz#699217ea438eb3b533b73d982659891d9aae7379"
  integrity sha512-ry83ki9ZX0Q+GWGnqc2J618Z+FvKE8Ajn42F8EYi8Wj0q6Jz3mj+pJzgzakk2INm2ldEZ+FaRPipn4ozsZDcBg==

"@swc/core@^1.5.5":
  version "1.5.5"
  resolved "https://registry.yarnpkg.com/@swc/core/-/core-1.5.5.tgz#e7b7ae4323d15ba990a0ffde135a849ffddec69d"
  integrity sha512-M8O22EEgdSONLd+7KRrXj8pn+RdAZZ7ISnPjE9KCQQlI0kkFNEquWR+uFdlFxQfwlyCe/Zb6uGXGDvtcov4IMg==
  dependencies:
    "@swc/counter" "^0.1.2"
    "@swc/types" "^0.1.5"
  optionalDependencies:
    "@swc/core-darwin-arm64" "1.5.5"
    "@swc/core-darwin-x64" "1.5.5"
    "@swc/core-linux-arm-gnueabihf" "1.5.5"
    "@swc/core-linux-arm64-gnu" "1.5.5"
    "@swc/core-linux-arm64-musl" "1.5.5"
    "@swc/core-linux-x64-gnu" "1.5.5"
    "@swc/core-linux-x64-musl" "1.5.5"
    "@swc/core-win32-arm64-msvc" "1.5.5"
    "@swc/core-win32-ia32-msvc" "1.5.5"
    "@swc/core-win32-x64-msvc" "1.5.5"

"@swc/counter@^0.1.2", "@swc/counter@^0.1.3":
  version "0.1.3"
  resolved "https://registry.yarnpkg.com/@swc/counter/-/counter-0.1.3.tgz#cc7463bd02949611c6329596fccd2b0ec782b0e9"
  integrity sha512-e2BR4lsJkkRlKZ/qCHPw9ZaSxc0MVUd7gtbtaB7aMvHeJVYe8sOB8DBZkP2DtISHGSku9sCK6T6cnY0CtXrOCQ==

"@swc/types@^0.1.5":
  version "0.1.6"
  resolved "https://registry.yarnpkg.com/@swc/types/-/types-0.1.6.tgz#2f13f748995b247d146de2784d3eb7195410faba"
  integrity sha512-/JLo/l2JsT/LRd80C3HfbmVpxOAJ11FO2RCEslFrgzLltoP9j8XIbsyDcfCt2WWyX+CM96rBoNM+IToAkFOugg==
  dependencies:
    "@swc/counter" "^0.1.3"

"@ton-community/func-js-bin@0.4.4-newops.1":
  version "0.4.4-newops.1"
  resolved "https://registry.yarnpkg.com/@ton-community/func-js-bin/-/func-js-bin-0.4.4-newops.1.tgz#d21cd01da8abf29cb301969f782c01b0852fdac5"
  integrity sha512-TV4t6XhmItq4t+wv4pV30yEwb+YvdmsKo4Ig4B0zp4PLdI0r9iZHz4y5bBHcXmDQDRqulXzK6kTgfHvs2CIsaQ==

"@ton-community/func-js@^0.7.0":
  version "0.7.0"
  resolved "https://registry.yarnpkg.com/@ton-community/func-js/-/func-js-0.7.0.tgz#8bb334f4649b30b6d1e13ef1a3daa5670a0a8404"
  integrity sha512-VYJsv6Pqz6+qh3HlZWReBG5W9RXutAdIFYDqmblPSCXfjBhx/QjON/3WoppzUVrqQQdD0BVIh4PR+xRHRCBNhw==
  dependencies:
    "@ton-community/func-js-bin" "0.4.4-newops.1"
    arg "^5.0.2"

"@ton/core@^0.56.3":
  version "0.56.3"
  resolved "https://registry.yarnpkg.com/@ton/core/-/core-0.56.3.tgz#1162764573abb76032eba70f8497e5cb2ea532ee"
  integrity sha512-HVkalfqw8zqLLPehtq0CNhu5KjVzc7IrbDwDHPjGoOSXmnqSobiWj8a5F+YuWnZnEbQKtrnMGNOOjVw4LG37rg==
  dependencies:
    symbol.inspect "1.0.1"

"@ton/crypto-primitives@2.0.0":
  version "2.0.0"
  resolved "https://registry.yarnpkg.com/@ton/crypto-primitives/-/crypto-primitives-2.0.0.tgz#446256146d64fcec6e3f21d9f40b5148640329cc"
  integrity sha512-wttiNClmGbI6Dfy/8oyNnsIV0b/qYkCJz4Gn4eP62lJZzMtVQ94Ko7nikDX1EfYHkLI1xpOitWpW+8ZuG6XtDg==
  dependencies:
    jssha "3.2.0"

"@ton/crypto@^3.2.0":
  version "3.2.0"
  resolved "https://registry.yarnpkg.com/@ton/crypto/-/crypto-3.2.0.tgz#8fcb36cc93eafd05249c847d1f4ad39cf2565e46"
  integrity sha512-50RkwReEuV2FkxSZ8ht/x9+n0ZGtwRKGsJ0ay4I/HFhkYVG/awIIBQeH0W4j8d5lADdO5h01UtX8PJ8AjiejjA==
  dependencies:
    "@ton/crypto-primitives" "2.0.0"
    jssha "3.2.0"
    tweetnacl "1.0.3"

"@tsconfig/node10@^1.0.7":
  version "1.0.11"
  resolved "https://registry.yarnpkg.com/@tsconfig/node10/-/node10-1.0.11.tgz#6ee46400685f130e278128c7b38b7e031ff5b2f2"
  integrity sha512-DcRjDCujK/kCk/cUe8Xz8ZSpm8mS3mNNpta+jGCA6USEDfktlNvm1+IuZ9eTcDbNk41BHwpHHeW+N1lKCz4zOw==

"@tsconfig/node12@^1.0.7":
  version "1.0.11"
  resolved "https://registry.yarnpkg.com/@tsconfig/node12/-/node12-1.0.11.tgz#ee3def1f27d9ed66dac6e46a295cffb0152e058d"
  integrity sha512-cqefuRsh12pWyGsIoBKJA9luFu3mRxCA+ORZvA4ktLSzIuCUtWVxGIuXigEwO5/ywWFMZ2QEGKWvkZG1zDMTag==

"@tsconfig/node14@^1.0.0":
  version "1.0.3"
  resolved "https://registry.yarnpkg.com/@tsconfig/node14/-/node14-1.0.3.tgz#e4386316284f00b98435bf40f72f75a09dabf6c1"
  integrity sha512-ysT8mhdixWK6Hw3i1V2AeRqZ5WfXg1G43mqoYlM2nc6388Fq5jcXyr5mRsqViLx/GJYdoL0bfXD8nmF+Zn/Iow==

"@tsconfig/node16@^1.0.2":
  version "1.0.4"
  resolved "https://registry.yarnpkg.com/@tsconfig/node16/-/node16-1.0.4.tgz#0b92dcc0cc1c81f6f306a381f28e31b1a56536e9"
  integrity sha512-vxhUy4J8lyeyinH7Azl1pdd43GJhZH/tP2weN8TntQblOY+A0XbT8DJk1/oCPuOOyg/Ja757rG0CgHcWC8OfMA==

"@types/node@^20.12.11":
  version "20.12.11"
  resolved "https://registry.yarnpkg.com/@types/node/-/node-20.12.11.tgz#c4ef00d3507000d17690643278a60dc55a9dc9be"
  integrity sha512-vDg9PZ/zi+Nqp6boSOT7plNuthRugEKixDv5sFTIpkE89MmNtEArAShI4mxuX2+UrLEe9pxC1vm2cjm9YlWbJw==
  dependencies:
    undici-types "~5.26.4"

acorn-walk@^8.1.1:
  version "8.3.2"
  resolved "https://registry.yarnpkg.com/acorn-walk/-/acorn-walk-8.3.2.tgz#7703af9415f1b6db9315d6895503862e231d34aa"
  integrity sha512-cjkyv4OtNCIeqhHrfS81QWXoCBPExR/J62oyEqepVw8WaQeSqpW2uhuLPh1m9eWhDuOo/jUXVTlifvesOWp/4A==

acorn@^8.4.1:
  version "8.11.3"
  resolved "https://registry.yarnpkg.com/acorn/-/acorn-8.11.3.tgz#71e0b14e13a4ec160724b38fb7b0f233b1b81d7a"
  integrity sha512-Y9rRfJG5jcKOE0CLisYbojUjIrIEE7AGMzA/Sm4BslANhbS+cDMpgBdcPT91oJ7OuJ9hYJBx59RjbhxVnrF8Xg==

arg@^4.1.0:
  version "4.1.3"
  resolved "https://registry.yarnpkg.com/arg/-/arg-4.1.3.tgz#269fc7ad5b8e42cb63c896d5666017261c144089"
  integrity sha512-58S9QDqG0Xx27YwPSt9fJxivjYl432YCwfDMfZ+71RAqUrZef7LrKQZ3LHLOwCS4FLNBplP533Zx895SeOCHvA==

arg@^5.0.2:
  version "5.0.2"
  resolved "https://registry.yarnpkg.com/arg/-/arg-5.0.2.tgz#c81433cc427c92c4dcf4865142dbca6f15acd59c"
  integrity sha512-PYjyFOLKQ9y57JvQ6QLo8dAgNqswh8M1RMJYdQduT6xbWSgK36P/Z/v+p888pM69jMMfS8Xd8F6I1kQ/I9HUGg==

create-require@^1.1.0:
  version "1.1.1"
  resolved "https://registry.yarnpkg.com/create-require/-/create-require-1.1.1.tgz#c1d7e8f1e5f6cfc9ff65f9cd352d37348756c333"
  integrity sha512-dcKFX3jn0MpIaXjisoRvexIJVEKzaq7z2rZKxf+MSr9TkdmHmsU4m2lcLojrj/FHl8mk5VxMmYA+ftRkP/3oKQ==

diff@^4.0.1:
  version "4.0.2"
  resolved "https://registry.yarnpkg.com/diff/-/diff-4.0.2.tgz#60f3aecb89d5fae520c11aa19efc2bb982aade7d"
  integrity sha512-58lmxKSA4BNyLz+HHMUzlOEpg09FV+ev6ZMe3vJihgdxzgcwZ8VoEEPmALCZG9LmqfVoNMMKpttIYTVG6uDY7A==

jssha@3.2.0:
  version "3.2.0"
  resolved "https://registry.yarnpkg.com/jssha/-/jssha-3.2.0.tgz#88ec50b866dd1411deaddbe6b3e3692e4c710f16"
  integrity sha512-QuruyBENDWdN4tZwJbQq7/eAK85FqrI4oDbXjy5IBhYD+2pTJyBUWZe8ctWaCkrV0gy6AaelgOZZBMeswEa/6Q==

make-error@^1.1.1:
  version "1.3.6"
  resolved "https://registry.yarnpkg.com/make-error/-/make-error-1.3.6.tgz#2eb2e37ea9b67c4891f684a1394799af484cf7a2"
  integrity sha512-s8UhlNe7vPKomQhC1qFelMokr/Sc3AgNbso3n74mVPA5LTZwkB9NlXf4XPamLxJE8h0gh73rM94xvwRT2CVInw==

symbol.inspect@1.0.1:
  version "1.0.1"
  resolved "https://registry.yarnpkg.com/symbol.inspect/-/symbol.inspect-1.0.1.tgz#e13125b8038c4996eb0dfa1567332ad4dcd0763f"
  integrity sha512-YQSL4duoHmLhsTD1Pw8RW6TZ5MaTX5rXJnqacJottr2P2LZBF/Yvrc3ku4NUpMOm8aM0KOCqM+UAkMA5HWQCzQ==

ts-node@^10.9.2:
  version "10.9.2"
  resolved "https://registry.yarnpkg.com/ts-node/-/ts-node-10.9.2.tgz#70f021c9e185bccdca820e26dc413805c101c71f"
  integrity sha512-f0FFpIdcHgn8zcPSbf1dRevwt047YMnaiJM3u2w2RewrB+fob/zePZcrOyQoLMMO7aBIddLcQIEK5dYjkLnGrQ==
  dependencies:
    "@cspotcode/source-map-support" "^0.8.0"
    "@tsconfig/node10" "^1.0.7"
    "@tsconfig/node12" "^1.0.7"
    "@tsconfig/node14" "^1.0.0"
    "@tsconfig/node16" "^1.0.2"
    acorn "^8.4.1"
    acorn-walk "^8.1.1"
    arg "^4.1.0"
    create-require "^1.1.0"
    diff "^4.0.1"
    make-error "^1.1.1"
    v8-compile-cache-lib "^3.0.1"
    yn "3.1.1"

tweetnacl@1.0.3:
  version "1.0.3"
  resolved "https://registry.yarnpkg.com/tweetnacl/-/tweetnacl-1.0.3.tgz#ac0af71680458d8a6378d0d0d050ab1407d35596"
  integrity sha512-6rt+RN7aOi1nGMyC4Xa5DdYiukl2UWCbcJft7YhxReBGQD7OAM8Pbxw6YMo4r2diNEA8FEmu32YOn9rhaiE5yw==

typescript@^5.4.5:
  version "5.4.5"
  resolved "https://registry.yarnpkg.com/typescript/-/typescript-5.4.5.tgz#42ccef2c571fdbd0f6718b1d1f5e6e5ef006f611"
  integrity sha512-vcI4UpRgg81oIRUFwR0WSIHKt11nJ7SAVlYNIu+QpqeyXP+gpQJy/Z4+F0aGxSE4MqwjyXvW/TzgkLAx2AGHwQ==

undici-types@~5.26.4:
  version "5.26.5"
  resolved "https://registry.yarnpkg.com/undici-types/-/undici-types-5.26.5.tgz#bcd539893d00b56e964fd2657a4866b221a65617"
  integrity sha512-JlCMO+ehdEIKqlFxk6IfVoAUVmgz7cU7zD/h9XZ0qzeosSHmUJVOzSQvvYSYWXkFXC+IfLKSIffhv0sVZup6pA==

v8-compile-cache-lib@^3.0.1:
  version "3.0.1"
  resolved "https://registry.yarnpkg.com/v8-compile-cache-lib/-/v8-compile-cache-lib-3.0.1.tgz#6336e8d71965cb3d35a1bbb7868445a7c05264bf"
  integrity sha512-wa7YjyUGfNZngI/vtK0UHAN+lgDCxBPCylVXGp0zu59Fz5aiGtNXaq3DhIov063MorB+VfufLh3JlF2KdTK3xg==

yn@3.1.1:
  version "3.1.1"
  resolved "https://registry.yarnpkg.com/yn/-/yn-3.1.1.tgz#1e87401a09d767c1d5eab26a6e4c185182d2eb50"
  integrity sha512-Ux4ygGWsu2c7isFWe8Yu1YluJmqVhxqK2cLXNQA5AcC3QfbGNpM7fu0Y8b/z16pXLnFxZYvWhd3fhBY9DLmC6Q==
